
Microsoft Visual Studio Solution File, Format Version 12.00
# Visual Studio 15
Project("{FAE04EC0-301F-11D3-BF4B-00C04F79EFBC}") = "Assembly-CSharp", "Assembly-CSharp.csproj", "{16596646-2373-7B02-91F2-D0893DE7AFAC}"
EndProject
Global
	GlobalSection(SolutionConfigurationPlatforms) = preSolution
		Debug|Any CPU = Debug|Any CPU
		Release|Any CPU = Release|Any CPU
	EndGlobalSection
	GlobalSection(ProjectConfigurationPlatforms) = postSolution
		{16596646-2373-7B02-91F2-D0893DE7AFAC}.Debug|Any CPU.ActiveCfg = Debug|Any CPU
		{16596646-2373-7B02-91F2-D0893DE7AFAC}.Debug|Any CPU.Build.0 = Debug|Any CPU
		{16596646-2373-7B02-91F2-D0893DE7AFAC}.Release|Any CPU.ActiveCfg = Release|Any CPU
		{16596646-2373-7B02-91F2-D0893DE7AFAC}.Release|Any CPU.Build.0 = Release|Any CPU
	EndGlobalSection
	GlobalSection(SolutionProperties) = preSolution
		HideSolutionNode = FALSE
	EndGlobalSection
EndGlobal
